
Microsoft Visual Studio Solution File, Format Version 12.00
# Visual Studio 2013
VisualStudioVersion = 12.0.30501.0
MinimumVisualStudioVersion = 10.0.40219.1
Project("{8BC9CEB8-8B4A-11D0-8D11-00A0C91BC942}") = "18_1124", "18_1124\18_1124.vcxproj", "{465E848E-194A-4B61-B2AE-270BE1603D5B}"
EndProject
Global
	GlobalSection(SolutionConfigurationPlatforms) = preSolution
		Debug|Win32 = Debug|Win32
		Release|Win32 = Release|Win32
	EndGlobalSection
	GlobalSection(ProjectConfigurationPlatforms) = postSolution
		{465E848E-194A-4B61-B2AE-270BE1603D5B}.Debug|Win32.ActiveCfg = Debug|Win32
		{465E848E-194A-4B61-B2AE-270BE1603D5B}.Debug|Win32.Build.0 = Debug|Win32
		{465E848E-194A-4B61-B2AE-270BE1603D5B}.Release|Win32.ActiveCfg = Release|Win32
		{465E848E-194A-4B61-B2AE-270BE1603D5B}.Release|Win32.Build.0 = Release|Win32
	EndGlobalSection
	GlobalSection(SolutionProperties) = preSolution
		HideSolutionNode = FALSE
	EndGlobalSection
EndGlobal
